Microsoft Visual Studio Solution File, Format Version 12.00
# Visual Studio Version 17
VisualStudioVersion = 17.0.31903.59
MinimumVisualStudioVersion = 10.0.40219.1
Project("{FAE04EC0-301F-11D3-BF4B-00C04F79EFBC}") = "ProductsMicroService.API", "ProductsMicroService.API\ProductsMicroService.API.csproj", "{D1F83C1D-89F1-4E62-97D8-E5A7308D69B1}"
EndProject
Project("{FAE04EC0-301F-11D3-BF4B-00C04F79EFBC}") = "ProductsMicroService.Core", "ProductsMicroService.Core\ProductsMicroService.Core.csproj", "{D2F83C1D-89F1-4E62-97D8-E5A7308D69B2}"
EndProject
Project("{FAE04EC0-301F-11D3-BF4B-00C04F79EFBC}") = "ProductsMicroService.Infrastructure", "ProductsMicroService.Infrastructure\ProductsMicroService.Infrastructure.csproj", "{D3F83C1D-89F1-4E62-97D8-E5A7308D69B3}"
EndProject
Global
	GlobalSection(SolutionConfigurationPlatforms) = preSolution
		Debug|Any CPU = Debug|Any CPU
		Release|Any CPU = Release|Any CPU
	EndGlobalSection
	GlobalSection(ProjectConfigurationPlatforms) = postSolution
		{D1F83C1D-89F1-4E62-97D8-E5A7308D69B1}.Debug|Any CPU.ActiveCfg = Debug|Any CPU
		{D1F83C1D-89F1-4E62-97D8-E5A7308D69B1}.Debug|Any CPU.Build.0 = Debug|Any CPU
		{D1F83C1D-89F1-4E62-97D8-E5A7308D69B1}.Release|Any CPU.ActiveCfg = Release|Any CPU
		{D1F83C1D-89F1-4E62-97D8-E5A7308D69B1}.Release|Any CPU.Build.0 = Release|Any CPU
		{D2F83C1D-89F1-4E62-97D8-E5A7308D69B2}.Debug|Any CPU.ActiveCfg = Debug|Any CPU
		{D2F83C1D-89F1-4E62-97D8-E5A7308D69B2}.Debug|Any CPU.Build.0 = Debug|Any CPU
		{D2F83C1D-89F1-4E62-97D8-E5A7308D69B2}.Release|Any CPU.ActiveCfg = Release|Any CPU
		{D2F83C1D-89F1-4E62-97D8-E5A7308D69B2}.Release|Any CPU.Build.0 = Release|Any CPU
		{D3F83C1D-89F1-4E62-97D8-E5A7308D69B3}.Debug|Any CPU.ActiveCfg = Debug|Any CPU
		{D3F83C1D-89F1-4E62-97D8-E5A7308D69B3}.Debug|Any CPU.Build.0 = Debug|Any CPU
		{D3F83C1D-89F1-4E62-97D8-E5A7308D69B3}.Release|Any CPU.ActiveCfg = Release|Any CPU
		{D3F83C1D-89F1-4E62-97D8-E5A7308D69B3}.Release|Any CPU.Build.0 = Release|Any CPU
	EndGlobalSection
EndGlobal
